github.com/gethugothemes/hugo-modules/accordion v0.0.0-20230705095442-1f2d5ac8b18d h1:jQSqk58QBOw45BDkTMoMgjCvIuCkdjWM786NzDwZuos=
github.com/gethugothemes/hugo-modules/accordion v0.0.0-20230705095442-1f2d5ac8b18d/go.mod h1:D4DpauKPDcUHI9CVKYmJeO6bkSJIhUN864TyXZ2o0VI=
github.com/gethugothemes/hugo-modules/accordion v0.0.0-20240925042433-d2b5d05977e8 h1:glx/9W1+SUOc3YQROIA59CBr6myIo3gzsJysJJaQe/A=
github.com/gethugothemes/hugo-modules/accordion v0.0.0-20240925042433-d2b5d05977e8/go.mod h1:D4DpauKPDcUHI9CVKYmJeO6bkSJIhUN864TyXZ2o0VI=
github.com/gethugothemes/hugo-modules/components/cookie-consent v0.0.0-20230705095442-1f2d5ac8b18d h1:dFISe5rnA7vrRuVmP83JP8uXRLgMez/elmAwtB/vI+Y=
github.com/gethugothemes/hugo-modules/components/cookie-consent v0.0.0-20230705095442-1f2d5ac8b18d/go.mod h1:511ERLpGe3ZTfV2z/NAtUSR5NqKF26h9z5lU/zYV4YQ=
github.com/gethugothemes/hugo-modules/components/cookie-consent v0.0.0-20240925042433-d2b5d05977e8 h1:oIO0o2wdY2Jhkz+NyzTgwizCGSf6V0IGumuD985SKeU=
github.com/gethugothemes/hugo-modules/components/cookie-consent v0.0.0-20240925042433-d2b5d05977e8/go.mod h1:511ERLpGe3ZTfV2z/NAtUSR5NqKF26h9z5lU/zYV4YQ=
github.com/gethugothemes/hugo-modules/components/custom-script v0.0.0-20230705095442-1f2d5ac8b18d h1:7CrXusaqUGzWcf7D9XSggxrSZ8K4AQ5io+mL9g+2W04=
github.com/gethugothemes/hugo-modules/components/custom-script v0.0.0-20230705095442-1f2d5ac8b18d/go.mod h1:RuDHq4WnK8sNEzAIJr4BZQ7oXhzcct/EKaAxc2Xvi9E=
github.com/gethugothemes/hugo-modules/components/custom-script v0.0.0-20240925042433-d2b5d05977e8 h1:b/zLhGA++K6BBuat2bc8LX1EUUgfbXr0csu3CBaR/9s=
github.com/gethugothemes/hugo-modules/components/custom-script v0.0.0-20240925042433-d2b5d05977e8/go.mod h1:RuDHq4WnK8sNEzAIJr4BZQ7oXhzcct/EKaAxc2Xvi9E=
github.com/gethugothemes/hugo-modules/components/preloader v0.0.0-20230705095442-1f2d5ac8b18d h1:/04Nzs7aQ+YzMAcrK7byZXDzX8rDe66n6y9uEvsbXqk=
github.com/gethugothemes/hugo-modules/components/preloader v0.0.0-20230705095442-1f2d5ac8b18d/go.mod h1:FP0iQ3tMOesuWFZhLst2KEvUEYPb5Jk1GW+QBP9lrwg=
github.com/gethugothemes/hugo-modules/components/preloader v0.0.0-20240925042433-d2b5d05977e8 h1:qXQgATaoB64NwDGxtEsN3dvL79eoJc8de7qzhY1qlGs=
github.com/gethugothemes/hugo-modules/components/preloader v0.0.0-20240925042433-d2b5d05977e8/go.mod h1:FP0iQ3tMOesuWFZhLst2KEvUEYPb5Jk1GW+QBP9lrwg=
github.com/gethugothemes/hugo-modules/components/render-link v0.0.0-20230705095442-1f2d5ac8b18d h1:jQA77cMSmYoCD8LZJsIxwZBPtoACgSv9pY4LjmFTDAg=
github.com/gethugothemes/hugo-modules/components/render-link v0.0.0-20230705095442-1f2d5ac8b18d/go.mod h1:z3YcIeEBUonAoRDY1/Jv1ojNVkZ5ud35a0Nn8L4Inx0=
github.com/gethugothemes/hugo-modules/components/render-link v0.0.0-20240925042433-d2b5d05977e8 h1:mK0hf8QyPHHT+vYTnAJ23R8S0oudNluyQ8N24Gg3Buk=
github.com/gethugothemes/hugo-modules/components/render-link v0.0.0-20240925042433-d2b5d05977e8/go.mod h1:z3YcIeEBUonAoRDY1/Jv1ojNVkZ5ud35a0Nn8L4Inx0=
github.com/gethugothemes/hugo-modules/gallery-slider v0.0.0-20230705095442-1f2d5ac8b18d h1:q3GLopQAtqYaB0+/E/30TdrTMrai/Tg9WEpL2SJCoIQ=
github.com/gethugothemes/hugo-modules/gallery-slider v0.0.0-20230705095442-1f2d5ac8b18d/go.mod h1:MvQ2js/ofZ22CTX5wuvE+dC0rMe6C5HAWL2fEOu/yzE=
github.com/gethugothemes/hugo-modules/gallery-slider v0.0.0-20240925042433-d2b5d05977e8 h1:/2gTKMuTvHO+PoZ7H6SGBHB8vtCaFi6lttfBtY74i3E=
github.com/gethugothemes/hugo-modules/gallery-slider v0.0.0-20240925042433-d2b5d05977e8/go.mod h1:MvQ2js/ofZ22CTX5wuvE+dC0rMe6C5HAWL2fEOu/yzE=
github.com/gethugothemes/hugo-modules/gzip-caching v0.0.0-20230705095442-1f2d5ac8b18d h1:G/UA6GpJzIY1Dau3crhPbmdSDPFlpTbyvPE74xLPNSY=
github.com/gethugothemes/hugo-modules/gzip-caching v0.0.0-20230705095442-1f2d5ac8b18d/go.mod h1:0ZMjTZVG4XLZU2/icc8Saqo4mmgMpfRTrUZU2Aa2Pwg=
github.com/gethugothemes/hugo-modules/gzip-caching v0.0.0-20240925042433-d2b5d05977e8 h1:5/R8j8xG2tvH6bsBrrF1zG6JdBxzzGf7ITlgysgteI0=
github.com/gethugothemes/hugo-modules/gzip-caching v0.0.0-20240925042433-d2b5d05977e8/go.mod h1:0ZMjTZVG4XLZU2/icc8Saqo4mmgMpfRTrUZU2Aa2Pwg=
github.com/gethugothemes/hugo-modules/icons/font-awesome v0.0.0-20230705095442-1f2d5ac8b18d h1:4iFMEVLb/NK7heoGFw4rjD3fm3Ig/rLZDpZ8JVIZUgU=
github.com/gethugothemes/hugo-modules/icons/font-awesome v0.0.0-20230705095442-1f2d5ac8b18d/go.mod h1:d3gy1vQyfasPmGpau7HpQLrXbOv23PfXclSnjyOBxeU=
github.com/gethugothemes/hugo-modules/icons/font-awesome v0.0.0-20240925042433-d2b5d05977e8 h1:h2xHThbg1laJN6t2+bMr6dIAcD/b0IXBWOp+kJlzJec=
github.com/gethugothemes/hugo-modules/icons/font-awesome v0.0.0-20240925042433-d2b5d05977e8/go.mod h1:d3gy1vQyfasPmGpau7HpQLrXbOv23PfXclSnjyOBxeU=
github.com/gethugothemes/hugo-modules/images v0.0.0-20230705095442-1f2d5ac8b18d h1:4BSpUG0gKaEV0P5KTS37Z3GQuzfuEM3cZWBAql1XztU=
github.com/gethugothemes/hugo-modules/images v0.0.0-20230705095442-1f2d5ac8b18d/go.mod h1:FKliP3qOW9diIcQeLtyZ0Hdhg3PL8bdAkC/6O+XtU90=
github.com/gethugothemes/hugo-modules/images v0.0.0-20240925042433-d2b5d05977e8 h1:rGWMqcpmotd5G+q5HS9p9sC4GQF2hMxEesuJx8aKvKE=
github.com/gethugothemes/hugo-modules/images v0.0.0-20240925042433-d2b5d05977e8/go.mod h1:FKliP3qOW9diIcQeLtyZ0Hdhg3PL8bdAkC/6O+XtU90=
github.com/gethugothemes/hugo-modules/modal v0.0.0-20230705095442-1f2d5ac8b18d h1:YX6UaUJHARlTPnMIxOL5+ss4F/PTeoIVSiLJxfTuVQg=
github.com/gethugothemes/hugo-modules/modal v0.0.0-20230705095442-1f2d5ac8b18d/go.mod h1:Eb9v7oV6biymfvjcBhQdvgn0gUGYhUtfCMeOBLFpFsk=
github.com/gethugothemes/hugo-modules/modal v0.0.0-20240925042433-d2b5d05977e8 h1:kpPvQdUPgvi4UJcROg4rF5fSqNu//ZlIG+XxXr942tI=
github.com/gethugothemes/hugo-modules/modal v0.0.0-20240925042433-d2b5d05977e8/go.mod h1:Eb9v7oV6biymfvjcBhQdvgn0gUGYhUtfCMeOBLFpFsk=
github.com/gethugothemes/hugo-modules/pwa v0.0.0-20230705095442-1f2d5ac8b18d h1:MpWB3xZuPIttuRmAuaC8AHPcMmmPilq2VfmJSvV6aco=
github.com/gethugothemes/hugo-modules/pwa v0.0.0-20230705095442-1f2d5ac8b18d/go.mod h1:TRv7iszdfo37O1PbBEE+S8X/enAdpRIxK5DGrp13Qbo=
github.com/gethugothemes/hugo-modules/pwa v0.0.0-20240925042433-d2b5d05977e8 h1:cTObVCZAxl/yW2oVH3FVmg8npXqLWRemuJjXHnnTq0Y=
github.com/gethugothemes/hugo-modules/pwa v0.0.0-20240925042433-d2b5d05977e8/go.mod h1:TRv7iszdfo37O1PbBEE+S8X/enAdpRIxK5DGrp13Qbo=
github.com/gethugothemes/hugo-modules/seo-tools/basic-seo v0.0.0-20230705095442-1f2d5ac8b18d h1:/4LCpHtGjTUCepN5S53I0mcHos5K4vXM8xGQvPgKaN4=
github.com/gethugothemes/hugo-modules/seo-tools/basic-seo v0.0.0-20230705095442-1f2d5ac8b18d/go.mod h1:Q8dPgjamV7pxwKSQyWV21Xwh5CGi23/k+M8HPTphYbs=
github.com/gethugothemes/hugo-modules/seo-tools/basic-seo v0.0.0-20240925042433-d2b5d05977e8 h1:cyhgsUNA0Kr172aab/Iy/K11KODP/lTzlOxuNY497vA=
github.com/gethugothemes/hugo-modules/seo-tools/basic-seo v0.0.0-20240925042433-d2b5d05977e8/go.mod h1:Q8dPgjamV7pxwKSQyWV21Xwh5CGi23/k+M8HPTphYbs=
github.com/gethugothemes/hugo-modules/seo-tools/google-tag-manager v0.0.0-20230705095442-1f2d5ac8b18d h1:fsCAZMRB4Z51rBCzukLoMqDU0dqkj268zsUMo41Bqxk=
github.com/gethugothemes/hugo-modules/seo-tools/google-tag-manager v0.0.0-20230705095442-1f2d5ac8b18d/go.mod h1:cCq50yd55eFTrpqOfeyOK5X0hU5E7qxsqOD7IzTsgLA=
github.com/gethugothemes/hugo-modules/seo-tools/google-tag-manager v0.0.0-20240925042433-d2b5d05977e8 h1:WDiOV7iyIFGAUwQzDojoYSayovskKB3mPxm11mf99F4=
github.com/gethugothemes/hugo-modules/seo-tools/google-tag-manager v0.0.0-20240925042433-d2b5d05977e8/go.mod h1:cCq50yd55eFTrpqOfeyOK5X0hU5E7qxsqOD7IzTsgLA=
github.com/gethugothemes/hugo-modules/seo-tools/site-verifications v0.0.0-20230705095442-1f2d5ac8b18d h1:uruEG9JH6C1jP07LFeut03+a4foZ70CH+VS0EvJQjSk=
github.com/gethugothemes/hugo-modules/seo-tools/site-verifications v0.0.0-20230705095442-1f2d5ac8b18d/go.mod h1:iXielaya126qJscz7Bc2G2WB91moloQOoWru6UoBUyE=
github.com/gethugothemes/hugo-modules/seo-tools/site-verifications v0.0.0-20240925042433-d2b5d05977e8 h1:qlKzcEIQqvbw+q+7RynsqSMVSQ/UafD5Xe3B9A7VMF0=
github.com/gethugothemes/hugo-modules/seo-tools/site-verifications v0.0.0-20240925042433-d2b5d05977e8/go.mod h1:iXielaya126qJscz7Bc2G2WB91moloQOoWru6UoBUyE=
github.com/gethugothemes/hugo-modules/shortcodes/button v0.0.0-20230705095442-1f2d5ac8b18d h1:/iW6rzcTpffNsKi4VvK2yloYqHZqJU/wz/1VONMMVXs=
github.com/gethugothemes/hugo-modules/shortcodes/button v0.0.0-20230705095442-1f2d5ac8b18d/go.mod h1:MSvxGvjvcGUKTs6YMATU/9kYFrzW+VSVdy4CCOQLdsY=
github.com/gethugothemes/hugo-modules/shortcodes/button v0.0.0-20240925042433-d2b5d05977e8 h1:lugKYn6GRv4MVCC1vDJwm94Y6r2eq1CCxwMfK/ha51I=
github.com/gethugothemes/hugo-modules/shortcodes/button v0.0.0-20240925042433-d2b5d05977e8/go.mod h1:MSvxGvjvcGUKTs6YMATU/9kYFrzW+VSVdy4CCOQLdsY=
github.com/gethugothemes/hugo-modules/shortcodes/notice v0.0.0-20230705095442-1f2d5ac8b18d h1:k66Lbkjz413r8HgwpgH4uAnSsNGiPLP6G3EYm5LdABM=
github.com/gethugothemes/hugo-modules/shortcodes/notice v0.0.0-20230705095442-1f2d5ac8b18d/go.mod h1:ljWyMJx82WA+6SlKjbGFhEdxcriyvUTCjXkJHDa4lho=
github.com/gethugothemes/hugo-modules/shortcodes/notice v0.0.0-20240925042433-d2b5d05977e8 h1:OODdhrS3Fy9GTGvKzk704NfwR4p+1s4ymVrCPEGct1o=
github.com/gethugothemes/hugo-modules/shortcodes/notice v0.0.0-20240925042433-d2b5d05977e8/go.mod h1:ljWyMJx82WA+6SlKjbGFhEdxcriyvUTCjXkJHDa4lho=
github.com/gethugothemes/hugo-modules/tab v0.0.0-20230705095442-1f2d5ac8b18d h1:dC5Q6Av0cIymvQSMTCkvmUTPtE+3K87C4G0cw6CN1b0=
github.com/gethugothemes/hugo-modules/tab v0.0.0-20230705095442-1f2d5ac8b18d/go.mod h1:h3UxlxrFoU19JldxWLPBKaTZFe3AJtABrqo1wfxr+Ng=
github.com/gethugothemes/hugo-modules/tab v0.0.0-20240925042433-d2b5d05977e8 h1:/CjcG8HFYt6ROy9jLpikozjVAQngN0gnVsw/Jbs8lCg=
github.com/gethugothemes/hugo-modules/tab v0.0.0-20240925042433-d2b5d05977e8/go.mod h1:h3UxlxrFoU19JldxWLPBKaTZFe3AJtABrqo1wfxr+Ng=
github.com/gethugothemes/hugo-modules/table-of-contents v0.0.0-20230705095442-1f2d5ac8b18d h1:cvd+OwcFX5v6aPwuXhcDKt6RewdkM2GUXSwtm/DUt2w=
github.com/gethugothemes/hugo-modules/table-of-contents v0.0.0-20230705095442-1f2d5ac8b18d/go.mod h1:bEDw4veccQQQYEdVrfu13ATRUWfW8ptDIjJZuhYh4Tw=
github.com/gethugothemes/hugo-modules/table-of-contents v0.0.0-20240925042433-d2b5d05977e8 h1:XWwrpOhUvsr3Pww1GQHo9K6RFCAUh/PvkQnIyRMy5Hc=
github.com/gethugothemes/hugo-modules/table-of-contents v0.0.0-20240925042433-d2b5d05977e8/go.mod h1:bEDw4veccQQQYEdVrfu13ATRUWfW8ptDIjJZuhYh4Tw=
github.com/gethugothemes/hugo-modules/videos v0.0.0-20230705095442-1f2d5ac8b18d h1:uQ/wG/8Dj13J/Yv60fua86XNN/AehNF6pigULseTef0=
github.com/gethugothemes/hugo-modules/videos v0.0.0-20230705095442-1f2d5ac8b18d/go.mod h1:P722lLWdnNhdZVq6gvMrOLqECUwrAYQWaOWlChta5H0=
github.com/gethugothemes/hugo-modules/videos v0.0.0-20240925042433-d2b5d05977e8 h1:0nNuE80/NDYplmQPj0lB0O5xUUdC13qHnxcaMOOul9E=
github.com/gethugothemes/hugo-modules/videos v0.0.0-20240925042433-d2b5d05977e8/go.mod h1:P722lLWdnNhdZVq6gvMrOLqECUwrAYQWaOWlChta5H0=
